
Microsoft Visual Studio Solution File, Format Version 12.00
# Visual Studio Version 17
VisualStudioVersion = 17.0.31903.59
MinimumVisualStudioVersion = 10.0.40219.1
Project("{2150E333-8FDC-42A3-9474-1A3956D46DE8}") = "src", "src", "{83FAB354-23C1-456C-ABE5-1E73FFEDD9E3}"
EndProject
Project("{FAE04EC0-301F-11D3-BF4B-00C04F79EFBC}") = "CustomerService.Api", "src\CustomerService.Api\CustomerService.Api.csproj", "{B6F801C3-5EFA-4ED4-AF29-B79C678A49FF}"
EndProject
Project("{FAE04EC0-301F-11D3-BF4B-00C04F79EFBC}") = "CustomerService.Domain", "src\CustomerService.Domain\CustomerService.Domain.csproj", "{5DAF7FF9-D8CA-41C3-86B0-7EAE5B2CF0BC}"
EndProject
Project("{FAE04EC0-301F-11D3-BF4B-00C04F79EFBC}") = "CustomerService.Application", "src\CustomerService.Application\CustomerService.Application.csproj", "{C8A49AFA-AA77-4E4F-ACA2-D4828507BF0F}"
EndProject
Project("{FAE04EC0-301F-11D3-BF4B-00C04F79EFBC}") = "CustomerService.Infrastructure", "src\CustomerService.Infrastructure\CustomerService.Infrastructure.csproj", "{2D3CAD01-091F-45EA-8632-2F17862D1CFF}"
EndProject
Project("{FAE04EC0-301F-11D3-BF4B-00C04F79EFBC}") = "AccountService.Api", "src\AccountService.Api\AccountService.Api.csproj", "{388E87CD-E039-4B0F-A891-05190942A12B}"
EndProject
Project("{FAE04EC0-301F-11D3-BF4B-00C04F79EFBC}") = "AccountService.Domain", "src\AccountService.Domain\AccountService.Domain.csproj", "{734432B7-2BA5-432D-AE8E-62A28508DE3D}"
EndProject
Project("{FAE04EC0-301F-11D3-BF4B-00C04F79EFBC}") = "AccountService.Application", "src\AccountService.Application\AccountService.Application.csproj", "{508ED947-CE5A-4132-9B9D-AF50B1A3836F}"
EndProject
Project("{FAE04EC0-301F-11D3-BF4B-00C04F79EFBC}") = "AccountService.Infrastructure", "src\AccountService.Infrastructure\AccountService.Infrastructure.csproj", "{D4612C92-803C-47CF-AC5C-74FA1D124D76}"
EndProject
Project("{2150E333-8FDC-42A3-9474-1A3956D46DE8}") = "tests", "tests", "{0CE5939D-30FD-4C5D-A3A3-A6A9F25EDA01}"
EndProject
Project("{FAE04EC0-301F-11D3-BF4B-00C04F79EFBC}") = "AccountService.UnitTests", "tests\AccountService.UnitTests\AccountService.UnitTests.csproj", "{D1A30535-D77C-4968-BA03-BA55B290DC69}"
EndProject
Global
	GlobalSection(SolutionConfigurationPlatforms) = preSolution
		Debug|Any CPU = Debug|Any CPU
		Release|Any CPU = Release|Any CPU
	EndGlobalSection
	GlobalSection(SolutionProperties) = preSolution
		HideSolutionNode = FALSE
	EndGlobalSection
	GlobalSection(ProjectConfigurationPlatforms) = postSolution
		{B6F801C3-5EFA-4ED4-AF29-B79C678A49FF}.Debug|Any CPU.ActiveCfg = Debug|Any CPU
		{B6F801C3-5EFA-4ED4-AF29-B79C678A49FF}.Debug|Any CPU.Build.0 = Debug|Any CPU
		{B6F801C3-5EFA-4ED4-AF29-B79C678A49FF}.Release|Any CPU.ActiveCfg = Release|Any CPU
		{B6F801C3-5EFA-4ED4-AF29-B79C678A49FF}.Release|Any CPU.Build.0 = Release|Any CPU
		{5DAF7FF9-D8CA-41C3-86B0-7EAE5B2CF0BC}.Debug|Any CPU.ActiveCfg = Debug|Any CPU
		{5DAF7FF9-D8CA-41C3-86B0-7EAE5B2CF0BC}.Debug|Any CPU.Build.0 = Debug|Any CPU
		{5DAF7FF9-D8CA-41C3-86B0-7EAE5B2CF0BC}.Release|Any CPU.ActiveCfg = Release|Any CPU
		{5DAF7FF9-D8CA-41C3-86B0-7EAE5B2CF0BC}.Release|Any CPU.Build.0 = Release|Any CPU
		{C8A49AFA-AA77-4E4F-ACA2-D4828507BF0F}.Debug|Any CPU.ActiveCfg = Debug|Any CPU
		{C8A49AFA-AA77-4E4F-ACA2-D4828507BF0F}.Debug|Any CPU.Build.0 = Debug|Any CPU
		{C8A49AFA-AA77-4E4F-ACA2-D4828507BF0F}.Release|Any CPU.ActiveCfg = Release|Any CPU
		{C8A49AFA-AA77-4E4F-ACA2-D4828507BF0F}.Release|Any CPU.Build.0 = Release|Any CPU
		{2D3CAD01-091F-45EA-8632-2F17862D1CFF}.Debug|Any CPU.ActiveCfg = Debug|Any CPU
		{2D3CAD01-091F-45EA-8632-2F17862D1CFF}.Debug|Any CPU.Build.0 = Debug|Any CPU
		{2D3CAD01-091F-45EA-8632-2F17862D1CFF}.Release|Any CPU.ActiveCfg = Release|Any CPU
		{2D3CAD01-091F-45EA-8632-2F17862D1CFF}.Release|Any CPU.Build.0 = Release|Any CPU
		{388E87CD-E039-4B0F-A891-05190942A12B}.Debug|Any CPU.ActiveCfg = Debug|Any CPU
		{388E87CD-E039-4B0F-A891-05190942A12B}.Debug|Any CPU.Build.0 = Debug|Any CPU
		{388E87CD-E039-4B0F-A891-05190942A12B}.Release|Any CPU.ActiveCfg = Release|Any CPU
		{388E87CD-E039-4B0F-A891-05190942A12B}.Release|Any CPU.Build.0 = Release|Any CPU
		{734432B7-2BA5-432D-AE8E-62A28508DE3D}.Debug|Any CPU.ActiveCfg = Debug|Any CPU
		{734432B7-2BA5-432D-AE8E-62A28508DE3D}.Debug|Any CPU.Build.0 = Debug|Any CPU
		{734432B7-2BA5-432D-AE8E-62A28508DE3D}.Release|Any CPU.ActiveCfg = Release|Any CPU
		{734432B7-2BA5-432D-AE8E-62A28508DE3D}.Release|Any CPU.Build.0 = Release|Any CPU
		{508ED947-CE5A-4132-9B9D-AF50B1A3836F}.Debug|Any CPU.ActiveCfg = Debug|Any CPU
		{508ED947-CE5A-4132-9B9D-AF50B1A3836F}.Debug|Any CPU.Build.0 = Debug|Any CPU
		{508ED947-CE5A-4132-9B9D-AF50B1A3836F}.Release|Any CPU.ActiveCfg = Release|Any CPU
		{508ED947-CE5A-4132-9B9D-AF50B1A3836F}.Release|Any CPU.Build.0 = Release|Any CPU
		{D4612C92-803C-47CF-AC5C-74FA1D124D76}.Debug|Any CPU.ActiveCfg = Debug|Any CPU
		{D4612C92-803C-47CF-AC5C-74FA1D124D76}.Debug|Any CPU.Build.0 = Debug|Any CPU
		{D4612C92-803C-47CF-AC5C-74FA1D124D76}.Release|Any CPU.ActiveCfg = Release|Any CPU
		{D4612C92-803C-47CF-AC5C-74FA1D124D76}.Release|Any CPU.Build.0 = Release|Any CPU
		{D1A30535-D77C-4968-BA03-BA55B290DC69}.Debug|Any CPU.ActiveCfg = Debug|Any CPU
		{D1A30535-D77C-4968-BA03-BA55B290DC69}.Debug|Any CPU.Build.0 = Debug|Any CPU
		{D1A30535-D77C-4968-BA03-BA55B290DC69}.Release|Any CPU.ActiveCfg = Release|Any CPU
		{D1A30535-D77C-4968-BA03-BA55B290DC69}.Release|Any CPU.Build.0 = Release|Any CPU
	EndGlobalSection
	GlobalSection(NestedProjects) = preSolution
		{B6F801C3-5EFA-4ED4-AF29-B79C678A49FF} = {83FAB354-23C1-456C-ABE5-1E73FFEDD9E3}
		{5DAF7FF9-D8CA-41C3-86B0-7EAE5B2CF0BC} = {83FAB354-23C1-456C-ABE5-1E73FFEDD9E3}
		{C8A49AFA-AA77-4E4F-ACA2-D4828507BF0F} = {83FAB354-23C1-456C-ABE5-1E73FFEDD9E3}
		{2D3CAD01-091F-45EA-8632-2F17862D1CFF} = {83FAB354-23C1-456C-ABE5-1E73FFEDD9E3}
		{388E87CD-E039-4B0F-A891-05190942A12B} = {83FAB354-23C1-456C-ABE5-1E73FFEDD9E3}
		{734432B7-2BA5-432D-AE8E-62A28508DE3D} = {83FAB354-23C1-456C-ABE5-1E73FFEDD9E3}
		{508ED947-CE5A-4132-9B9D-AF50B1A3836F} = {83FAB354-23C1-456C-ABE5-1E73FFEDD9E3}
		{D4612C92-803C-47CF-AC5C-74FA1D124D76} = {83FAB354-23C1-456C-ABE5-1E73FFEDD9E3}
		{D1A30535-D77C-4968-BA03-BA55B290DC69} = {0CE5939D-30FD-4C5D-A3A3-A6A9F25EDA01}
	EndGlobalSection
EndGlobal
